
Microsoft Visual Studio Solution File, Format Version 12.00
Project("{FAE04EC0-301F-11D3-BF4B-00C04F79EFBC}") = "YandexS3Merge", "YandexS3Merge\YandexS3Merge.csproj", "{27E64D75-CF5C-4D46-95E0-3CF3444DC5EA}"
EndProject
Global
	GlobalSection(SolutionConfigurationPlatforms) = preSolution
		Debug|Any CPU = Debug|Any CPU
		Release|Any CPU = Release|Any CPU
	EndGlobalSection
	GlobalSection(ProjectConfigurationPlatforms) = postSolution
		{27E64D75-CF5C-4D46-95E0-3CF3444DC5EA}.Debug|Any CPU.ActiveCfg = Debug|Any CPU
		{27E64D75-CF5C-4D46-95E0-3CF3444DC5EA}.Debug|Any CPU.Build.0 = Debug|Any CPU
		{27E64D75-CF5C-4D46-95E0-3CF3444DC5EA}.Release|Any CPU.ActiveCfg = Release|Any CPU
		{27E64D75-CF5C-4D46-95E0-3CF3444DC5EA}.Release|Any CPU.Build.0 = Release|Any CPU
	EndGlobalSection
EndGlobal
